
Microsoft Visual Studio Solution File, Format Version 12.00
# Visual Studio Version 17
VisualStudioVersion = 17.9.34902.65
MinimumVisualStudioVersion = 10.0.40219.1
Project("{8BC9CEB8-8B4A-11D0-8D11-00A0C91BC942}") = "Refactoring", "Refactoring\Refactoring.vcxproj", "{0E1757D2-651F-4B30-AD3D-BC98CA485AE4}"
EndProject
Project("{8BC9CEB8-8B4A-11D0-8D11-00A0C91BC942}") = "Sample-Test1", "Sample-Test1\Sample-Test1.vcxproj", "{280518A0-161B-403B-AE2B-BFE51D9EA72C}"
EndProject
Global
	GlobalSection(SolutionConfigurationPlatforms) = preSolution
		Debug|x64 = Debug|x64
		Debug|x86 = Debug|x86
		Release|x64 = Release|x64
		Release|x86 = Release|x86
	EndGlobalSection
	GlobalSection(ProjectConfigurationPlatforms) = postSolution
		{0E1757D2-651F-4B30-AD3D-BC98CA485AE4}.Debug|x64.ActiveCfg = Debug|x64
		{0E1757D2-651F-4B30-AD3D-BC98CA485AE4}.Debug|x64.Build.0 = Debug|x64
		{0E1757D2-651F-4B30-AD3D-BC98CA485AE4}.Debug|x86.ActiveCfg = Debug|Win32
		{0E1757D2-651F-4B30-AD3D-BC98CA485AE4}.Debug|x86.Build.0 = Debug|Win32
		{0E1757D2-651F-4B30-AD3D-BC98CA485AE4}.Release|x64.ActiveCfg = Release|x64
		{0E1757D2-651F-4B30-AD3D-BC98CA485AE4}.Release|x64.Build.0 = Release|x64
		{0E1757D2-651F-4B30-AD3D-BC98CA485AE4}.Release|x86.ActiveCfg = Release|Win32
		{0E1757D2-651F-4B30-AD3D-BC98CA485AE4}.Release|x86.Build.0 = Release|Win32
		{280518A0-161B-403B-AE2B-BFE51D9EA72C}.Debug|x64.ActiveCfg = Debug|x64
		{280518A0-161B-403B-AE2B-BFE51D9EA72C}.Debug|x64.Build.0 = Debug|x64
		{280518A0-161B-403B-AE2B-BFE51D9EA72C}.Debug|x86.ActiveCfg = Debug|Win32
		{280518A0-161B-403B-AE2B-BFE51D9EA72C}.Debug|x86.Build.0 = Debug|Win32
		{280518A0-161B-403B-AE2B-BFE51D9EA72C}.Release|x64.ActiveCfg = Release|x64
		{280518A0-161B-403B-AE2B-BFE51D9EA72C}.Release|x64.Build.0 = Release|x64
		{280518A0-161B-403B-AE2B-BFE51D9EA72C}.Release|x86.ActiveCfg = Release|Win32
		{280518A0-161B-403B-AE2B-BFE51D9EA72C}.Release|x86.Build.0 = Release|Win32
	EndGlobalSection
	GlobalSection(SolutionProperties) = preSolution
		HideSolutionNode = FALSE
	EndGlobalSection
	GlobalSection(ExtensibilityGlobals) = postSolution
		SolutionGuid = {79774ED9-1958-419C-859B-A51F4F83CAD2}
	EndGlobalSection
EndGlobal
