
Microsoft Visual Studio Solution File, Format Version 12.00
# Visual Studio Version 17
VisualStudioVersion = 17.9.34902.65
MinimumVisualStudioVersion = 10.0.40219.1
Project("{8BC9CEB8-8B4A-11D0-8D11-00A0C91BC942}") = "BookKATA", "BookKATA\BookKATA.vcxproj", "{42CE5760-B041-439D-B322-AC6F649F5673}"
EndProject
Project("{8BC9CEB8-8B4A-11D0-8D11-00A0C91BC942}") = "Sample-Test1", "Sample-Test1\Sample-Test1.vcxproj", "{FF0AC39C-8486-443D-A96E-CD4469E3ADC1}"
EndProject
Global
	GlobalSection(SolutionConfigurationPlatforms) = preSolution
		Debug|x64 = Debug|x64
		Debug|x86 = Debug|x86
		Release|x64 = Release|x64
		Release|x86 = Release|x86
	EndGlobalSection
	GlobalSection(ProjectConfigurationPlatforms) = postSolution
		{42CE5760-B041-439D-B322-AC6F649F5673}.Debug|x64.ActiveCfg = Debug|x64
		{42CE5760-B041-439D-B322-AC6F649F5673}.Debug|x64.Build.0 = Debug|x64
		{42CE5760-B041-439D-B322-AC6F649F5673}.Debug|x86.ActiveCfg = Debug|Win32
		{42CE5760-B041-439D-B322-AC6F649F5673}.Debug|x86.Build.0 = Debug|Win32
		{42CE5760-B041-439D-B322-AC6F649F5673}.Release|x64.ActiveCfg = Release|x64
		{42CE5760-B041-439D-B322-AC6F649F5673}.Release|x64.Build.0 = Release|x64
		{42CE5760-B041-439D-B322-AC6F649F5673}.Release|x86.ActiveCfg = Release|Win32
		{42CE5760-B041-439D-B322-AC6F649F5673}.Release|x86.Build.0 = Release|Win32
		{FF0AC39C-8486-443D-A96E-CD4469E3ADC1}.Debug|x64.ActiveCfg = Debug|x64
		{FF0AC39C-8486-443D-A96E-CD4469E3ADC1}.Debug|x64.Build.0 = Debug|x64
		{FF0AC39C-8486-443D-A96E-CD4469E3ADC1}.Debug|x86.ActiveCfg = Debug|Win32
		{FF0AC39C-8486-443D-A96E-CD4469E3ADC1}.Debug|x86.Build.0 = Debug|Win32
		{FF0AC39C-8486-443D-A96E-CD4469E3ADC1}.Release|x64.ActiveCfg = Release|x64
		{FF0AC39C-8486-443D-A96E-CD4469E3ADC1}.Release|x64.Build.0 = Release|x64
		{FF0AC39C-8486-443D-A96E-CD4469E3ADC1}.Release|x86.ActiveCfg = Release|Win32
		{FF0AC39C-8486-443D-A96E-CD4469E3ADC1}.Release|x86.Build.0 = Release|Win32
	EndGlobalSection
	GlobalSection(SolutionProperties) = preSolution
		HideSolutionNode = FALSE
	EndGlobalSection
	GlobalSection(ExtensibilityGlobals) = postSolution
		SolutionGuid = {B9311FF8-C420-406E-A190-CE7A6CB4ECFF}
	EndGlobalSection
EndGlobal
