
Microsoft Visual Studio Solution File, Format Version 12.00
# Visual Studio Version 17
VisualStudioVersion = 17.9.34902.65
MinimumVisualStudioVersion = 10.0.40219.1
Project("{8BC9CEB8-8B4A-11D0-8D11-00A0C91BC942}") = "TDD", "TDD\TDD.vcxproj", "{96E37ABF-2FE7-4910-8CAE-AFECC26CF3F5}"
EndProject
Project("{8BC9CEB8-8B4A-11D0-8D11-00A0C91BC942}") = "Sample-Test1", "Sample-Test1\Sample-Test1.vcxproj", "{F74F805C-BC78-4C23-BDDE-1D102550F643}"
EndProject
Global
	GlobalSection(SolutionConfigurationPlatforms) = preSolution
		Debug|x64 = Debug|x64
		Debug|x86 = Debug|x86
		Release|x64 = Release|x64
		Release|x86 = Release|x86
	EndGlobalSection
	GlobalSection(ProjectConfigurationPlatforms) = postSolution
		{96E37ABF-2FE7-4910-8CAE-AFECC26CF3F5}.Debug|x64.ActiveCfg = Debug|x64
		{96E37ABF-2FE7-4910-8CAE-AFECC26CF3F5}.Debug|x64.Build.0 = Debug|x64
		{96E37ABF-2FE7-4910-8CAE-AFECC26CF3F5}.Debug|x86.ActiveCfg = Debug|Win32
		{96E37ABF-2FE7-4910-8CAE-AFECC26CF3F5}.Debug|x86.Build.0 = Debug|Win32
		{96E37ABF-2FE7-4910-8CAE-AFECC26CF3F5}.Release|x64.ActiveCfg = Release|x64
		{96E37ABF-2FE7-4910-8CAE-AFECC26CF3F5}.Release|x64.Build.0 = Release|x64
		{96E37ABF-2FE7-4910-8CAE-AFECC26CF3F5}.Release|x86.ActiveCfg = Release|Win32
		{96E37ABF-2FE7-4910-8CAE-AFECC26CF3F5}.Release|x86.Build.0 = Release|Win32
		{F74F805C-BC78-4C23-BDDE-1D102550F643}.Debug|x64.ActiveCfg = Debug|x64
		{F74F805C-BC78-4C23-BDDE-1D102550F643}.Debug|x64.Build.0 = Debug|x64
		{F74F805C-BC78-4C23-BDDE-1D102550F643}.Debug|x86.ActiveCfg = Debug|Win32
		{F74F805C-BC78-4C23-BDDE-1D102550F643}.Debug|x86.Build.0 = Debug|Win32
		{F74F805C-BC78-4C23-BDDE-1D102550F643}.Release|x64.ActiveCfg = Release|x64
		{F74F805C-BC78-4C23-BDDE-1D102550F643}.Release|x64.Build.0 = Release|x64
		{F74F805C-BC78-4C23-BDDE-1D102550F643}.Release|x86.ActiveCfg = Release|Win32
		{F74F805C-BC78-4C23-BDDE-1D102550F643}.Release|x86.Build.0 = Release|Win32
	EndGlobalSection
	GlobalSection(SolutionProperties) = preSolution
		HideSolutionNode = FALSE
	EndGlobalSection
	GlobalSection(ExtensibilityGlobals) = postSolution
		SolutionGuid = {2937AD45-F1AD-4643-A52E-D5EAEE834B2D}
	EndGlobalSection
EndGlobal
